
Microsoft Visual Studio Solution File, Format Version 12.00
# Visual Studio Version 17
VisualStudioVersion = 17.9.34728.123
MinimumVisualStudioVersion = 10.0.40219.1
Project("{FAE04EC0-301F-11D3-BF4B-00C04F79EFBC}") = "ImageProcessing", "ImageProcessing\ImageProcessing.csproj", "{25FEB604-E146-4D5B-B933-558B4A978675}"
EndProject
Global
	GlobalSection(SolutionConfigurationPlatforms) = preSolution
		Debug|Any CPU = Debug|Any CPU
		Release|Any CPU = Release|Any CPU
	EndGlobalSection
	GlobalSection(ProjectConfigurationPlatforms) = postSolution
		{25FEB604-E146-4D5B-B933-558B4A978675}.Debug|Any CPU.ActiveCfg = Debug|Any CPU
		{25FEB604-E146-4D5B-B933-558B4A978675}.Debug|Any CPU.Build.0 = Debug|Any CPU
		{25FEB604-E146-4D5B-B933-558B4A978675}.Release|Any CPU.ActiveCfg = Release|Any CPU
		{25FEB604-E146-4D5B-B933-558B4A978675}.Release|Any CPU.Build.0 = Release|Any CPU
	EndGlobalSection
	GlobalSection(SolutionProperties) = preSolution
		HideSolutionNode = FALSE
	EndGlobalSection
	GlobalSection(ExtensibilityGlobals) = postSolution
		SolutionGuid = {28200FB8-D94F-459A-9C2E-92CC3B13C7C1}
	EndGlobalSection
EndGlobal
